
Microsoft Visual Studio Solution File, Format Version 12.00
# Visual Studio Version 17
VisualStudioVersion = 17.5.33414.496
MinimumVisualStudioVersion = 10.0.40219.1
Project("{FAE04EC0-301F-11D3-BF4B-00C04F79EFBC}") = "Lab03", "Lab03.csproj", "{2254C984-2854-44DE-82B2-9CAF6F22779F}"
EndProject
Global
	GlobalSection(SolutionConfigurationPlatforms) = preSolution
		Debug|Any CPU = Debug|Any CPU
		Release|Any CPU = Release|Any CPU
	EndGlobalSection
	GlobalSection(ProjectConfigurationPlatforms) = postSolution
		{2254C984-2854-44DE-82B2-9CAF6F22779F}.Debug|Any CPU.ActiveCfg = Debug|Any CPU
		{2254C984-2854-44DE-82B2-9CAF6F22779F}.Debug|Any CPU.Build.0 = Debug|Any CPU
		{2254C984-2854-44DE-82B2-9CAF6F22779F}.Release|Any CPU.ActiveCfg = Release|Any CPU
		{2254C984-2854-44DE-82B2-9CAF6F22779F}.Release|Any CPU.Build.0 = Release|Any CPU
	EndGlobalSection
	GlobalSection(SolutionProperties) = preSolution
		HideSolutionNode = FALSE
	EndGlobalSection
	GlobalSection(ExtensibilityGlobals) = postSolution
		SolutionGuid = {581F21E4-33C5-465F-A095-1CB46890DDF9}
	EndGlobalSection
EndGlobal
